# This file is automatically @generated by Wally.
# It is not intended for manual editing.
registry = "test"

[[package]]
name = "howmanysmall/robloxtemplate"
version = "0.1.0"
dependencies = [["Roact", "roblox/roact@1.4.2"], ["RoactHooks", "kampfkarren/roact-hooks@0.3.0"], ["Rodux", "roblox/rodux@3.0.0"], ["RoduxHooks", "solarhorizon/rodux-hooks@0.2.1"]]

[[package]]
name = "kampfkarren/roact-hooks"
version = "0.3.0"
dependencies = []

[[package]]
name = "roblox/roact"
version = "1.4.2"
dependencies = []

[[package]]
name = "roblox/rodux"
version = "3.0.0"
dependencies = []

[[package]]
name = "solarhorizon/rodux-hooks"
version = "0.2.1"
dependencies = [["Roact", "roblox/roact@1.4.2"]]
